
Microsoft Visual Studio Solution File, Format Version 12.00
Project("{FAE04EC0-301F-11D3-BF4B-00C04F79EFBC}") = "Laraue.Interpreter.Scanning", "src\Laraue.Interpreter.Scanning\Laraue.Interpreter.Scanning.csproj", "{0A9FCB07-9065-468B-A8A5-7311B2F7D804}"
EndProject
Project("{2150E333-8FDC-42A3-9474-1A3956D46DE8}") = "src", "src", "{8F2615D0-74E3-4743-91BB-80DBA80AE464}"
EndProject
Global
	GlobalSection(SolutionConfigurationPlatforms) = preSolution
		Debug|Any CPU = Debug|Any CPU
		Release|Any CPU = Release|Any CPU
	EndGlobalSection
	GlobalSection(ProjectConfigurationPlatforms) = postSolution
		{0A9FCB07-9065-468B-A8A5-7311B2F7D804}.Debug|Any CPU.ActiveCfg = Debug|Any CPU
		{0A9FCB07-9065-468B-A8A5-7311B2F7D804}.Debug|Any CPU.Build.0 = Debug|Any CPU
		{0A9FCB07-9065-468B-A8A5-7311B2F7D804}.Release|Any CPU.ActiveCfg = Release|Any CPU
		{0A9FCB07-9065-468B-A8A5-7311B2F7D804}.Release|Any CPU.Build.0 = Release|Any CPU
	EndGlobalSection
	GlobalSection(NestedProjects) = preSolution
		{0A9FCB07-9065-468B-A8A5-7311B2F7D804} = {8F2615D0-74E3-4743-91BB-80DBA80AE464}
	EndGlobalSection
EndGlobal
